
Microsoft Visual Studio Solution File, Format Version 12.00
# Visual Studio 15
VisualStudioVersion = 15.0.28010.2050
MinimumVisualStudioVersion = 10.0.40219.1
Project("{FAE04EC0-301F-11D3-BF4B-00C04F79EFBC}") = "SortOrderParts", "SortOrderParts\SortOrderParts.csproj", "{0AED583A-249B-40F2-98F4-DDD2AF2C0EDF}"
EndProject
Global
	GlobalSection(SolutionConfigurationPlatforms) = preSolution
		Debug|Any CPU = Debug|Any CPU
		Release|Any CPU = Release|Any CPU
	EndGlobalSection
	GlobalSection(ProjectConfigurationPlatforms) = postSolution
		{0AED583A-249B-40F2-98F4-DDD2AF2C0EDF}.Debug|Any CPU.ActiveCfg = Debug|Any CPU
		{0AED583A-249B-40F2-98F4-DDD2AF2C0EDF}.Debug|Any CPU.Build.0 = Debug|Any CPU
		{0AED583A-249B-40F2-98F4-DDD2AF2C0EDF}.Release|Any CPU.ActiveCfg = Release|Any CPU
		{0AED583A-249B-40F2-98F4-DDD2AF2C0EDF}.Release|Any CPU.Build.0 = Release|Any CPU
	EndGlobalSection
	GlobalSection(SolutionProperties) = preSolution
		HideSolutionNode = FALSE
	EndGlobalSection
	GlobalSection(ExtensibilityGlobals) = postSolution
		SolutionGuid = {3C5BDEE6-461A-4A57-A95E-284E8D96D55C}
	EndGlobalSection
EndGlobal
